# THIS IS AN AUTOGENERATED FILE. DO NOT EDIT THIS FILE DIRECTLY.
# yarn lockfile v1


"@vtex/prettier-config@^1.0.0":
  version "1.0.0"
  resolved "https://registry.yarnpkg.com/@vtex/prettier-config/-/prettier-config-1.0.0.tgz#a7a7091ecff1da340d398000f4855dc9910aa9c9"
  integrity sha512-4Uv67bK2eORhzWg/11J5/+fxPUWY6b0sYdhcqMzIgo0zluXlYqbZU6iueKZ48SxG4ODw8ZaqMRfpNsLd3Gw5+Q==
